# This file is @generated by PDM.
# It is not intended for manual editing.

[[package]]
name = "ast-decompiler"
version = "0.7.0"
requires_python = ">=3.6"
summary = "Python module to decompile AST to Python code"

[[package]]
name = "attrs"
version = "23.1.0"
requires_python = ">=3.7"
summary = "Classes Without Boilerplate"
dependencies = [
    "importlib-metadata; python_version < \"3.8\"",
]

[[package]]
name = "black"
version = "23.3.0"
requires_python = ">=3.7"
summary = "The uncompromising code formatter."
dependencies = [
    "click>=8.0.0",
    "mypy-extensions>=0.4.3",
    "packaging>=22.0",
    "pathspec>=0.9.0",
    "platformdirs>=2",
    "tomli>=1.1.0; python_version < \"3.11\"",
    "typed-ast>=1.4.2; python_version < \"3.8\" and implementation_name == \"cpython\"",
    "typing-extensions>=3.10.0.0; python_version < \"3.10\"",
]

[[package]]
name = "cattrs"
version = "23.1.2"
requires_python = ">=3.7"
summary = "Composable complex class support for attrs and dataclasses."
dependencies = [
    "attrs>=20",
    "exceptiongroup; python_version < \"3.11\"",
    "typing-extensions>=4.1.0; python_version < \"3.11\"",
]

[[package]]
name = "click"
version = "8.1.7"
requires_python = ">=3.7"
summary = "Composable command line interface toolkit"
dependencies = [
    "colorama; platform_system == \"Windows\"",
    "importlib-metadata; python_version < \"3.8\"",
]

[[package]]
name = "colorama"
version = "0.4.6"
requires_python = "!=3.0.*,!=3.1.*,!=3.2.*,!=3.3.*,!=3.4.*,!=3.5.*,!=3.6.*,>=2.7"
summary = "Cross-platform colored terminal text."

[[package]]
name = "exceptiongroup"
version = "1.2.0"
requires_python = ">=3.7"
summary = "Backport of PEP 654 (exception groups)"

[[package]]
name = "importlib-metadata"
version = "6.7.0"
requires_python = ">=3.7"
summary = "Read metadata from Python packages"
dependencies = [
    "typing-extensions>=3.6.4; python_version < \"3.8\"",
    "zipp>=0.5",
]

[[package]]
name = "isort"
version = "5.11.5"
requires_python = ">=3.7.0"
summary = "A Python utility / library to sort Python imports."

[[package]]
name = "mypy-extensions"
version = "1.0.0"
requires_python = ">=3.5"
summary = "Type system extensions for programs checked with the mypy type checker."

[[package]]
name = "packaging"
version = "23.2"
requires_python = ">=3.7"
summary = "Core utilities for Python packages"

[[package]]
name = "pathspec"
version = "0.11.2"
requires_python = ">=3.7"
summary = "Utility library for gitignore style pattern matching of file paths."

[[package]]
name = "platformdirs"
version = "4.0.0"
requires_python = ">=3.7"
summary = "A small Python package for determining appropriate platform-specific dirs, e.g. a \"user data dir\"."
dependencies = [
    "typing-extensions>=4.7.1; python_version < \"3.8\"",
]

[[package]]
name = "tomli"
version = "2.0.1"
requires_python = ">=3.7"
summary = "A lil' TOML parser"

[[package]]
name = "typed-ast"
version = "1.5.5"
requires_python = ">=3.6"
summary = "a fork of Python 2 and 3 ast modules with type comment support"

[[package]]
name = "typing-extensions"
version = "4.7.1"
requires_python = ">=3.7"
summary = "Backported and Experimental Type Hints for Python 3.7+"

[[package]]
name = "zipp"
version = "3.15.0"
requires_python = ">=3.7"
summary = "Backport of pathlib-compatible object wrapper for zip files"

[metadata]
lock_version = "4.2"
groups = ["default"]
content_hash = "sha256:a23114ad7cbc30ac6067457e535854fd130248de49ebfbd4863860158e205bf3"

[metadata.files]
"ast-decompiler 0.7.0" = [
    {url = "https://files.pythonhosted.org/packages/2f/07/98dfdc6f03b0f56b0b23dd7042f97b45bba623298cfe393a24bc00901c36/ast_decompiler-0.7.0-py3-none-any.whl", hash = "sha256:5ebd37ba129227484daff4a15dd6056d87c488fa372036dd004ee84196b207d3"},
    {url = "https://files.pythonhosted.org/packages/32/41/34be61bdc044829af6edcff823485d881883ab5b33fa68d9ae9a53be594d/ast_decompiler-0.7.0.tar.gz", hash = "sha256:efc3a507e5f8963ec7b4b2ce2ea693e3755c2f52b741c231bc344a4526738337"},
]
"attrs 23.1.0" = [
    {url = "https://files.pythonhosted.org/packages/97/90/81f95d5f705be17872843536b1868f351805acf6971251ff07c1b8334dbb/attrs-23.1.0.tar.gz", hash = "sha256:6279836d581513a26f1bf235f9acd333bc9115683f14f7e8fae46c98fc50e015"},
    {url = "https://files.pythonhosted.org/packages/f0/eb/fcb708c7bf5056045e9e98f62b93bd7467eb718b0202e7698eb11d66416c/attrs-23.1.0-py3-none-any.whl", hash = "sha256:1f28b4522cdc2fb4256ac1a020c78acf9cba2c6b461ccd2c126f3aa8e8335d04"},
]
"black 23.3.0" = [
    {url = "https://files.pythonhosted.org/packages/06/1e/273d610249f0335afb1ddb03664a03223f4826e3d1a95170a0142cb19fb4/black-23.3.0-cp39-cp39-win_amd64.whl", hash = "sha256:6b39abdfb402002b8a7d030ccc85cf5afff64ee90fa4c5aebc531e3ad0175ddb"},
    {url = "https://files.pythonhosted.org/packages/12/4b/99c71d1cf1353edd5aff2700b8960f92e9b805c9dab72639b67dbb449d3a/black-23.3.0-cp38-cp38-manylinux_2_17_x86_64.manylinux2014_x86_64.whl", hash = "sha256:562bd3a70495facf56814293149e51aa1be9931567474993c7942ff7d3533961"},
    {url = "https://files.pythonhosted.org/packages/13/0a/ed8b66c299e896780e4528eed4018f5b084da3b9ba4ee48328550567d866/black-23.3.0-cp38-cp38-macosx_10_16_x86_64.whl", hash = "sha256:064101748afa12ad2291c2b91c960be28b817c0c7eaa35bec09cc63aa56493c5"},
    {url = "https://files.pythonhosted.org/packages/13/25/cfa06788d0a936f2445af88f13604b5bcd5c9d050db618c718e6ebe66f74/black-23.3.0-cp39-cp39-macosx_10_16_arm64.whl", hash = "sha256:3238f2aacf827d18d26db07524e44741233ae09a584273aa059066d644ca7b30"},
    {url = "https://files.pythonhosted.org/packages/21/14/d5a2bec5fb15f9118baab7123d344646fac0b1c6939d51c2b05259cd2d9c/black-23.3.0-cp38-cp38-macosx_10_16_universal2.whl", hash = "sha256:714290490c18fb0126baa0fca0a54ee795f7502b44177e1ce7624ba1c00f2331"},
    {url = "https://files.pythonhosted.org/packages/24/eb/2d2d2c27cb64cfd073896f62a952a802cd83cf943a692a2f278525b57ca9/black-23.3.0-cp37-cp37m-macosx_10_16_x86_64.whl", hash = "sha256:1d06691f1eb8de91cd1b322f21e3bfc9efe0c7ca1f0e1eb1db44ea367dff656b"},
    {url = "https://files.pythonhosted.org/packages/27/70/07aab2623cfd3789786f17e051487a41d5657258c7b1ef8f780512ffea9c/black-23.3.0-cp310-cp310-macosx_10_16_universal2.whl", hash = "sha256:67de8d0c209eb5b330cce2469503de11bca4085880d62f1628bd9972cc3366b9"},
    {url = "https://files.pythonhosted.org/packages/29/b1/b584fc863c155653963039664a592b3327b002405043b7e761b9b0212337/black-23.3.0-cp310-cp310-macosx_10_16_x86_64.whl", hash = "sha256:7c3eb7cea23904399866c55826b31c1f55bbcd3890ce22ff70466b907b6775c2"},
    {url = "https://files.pythonhosted.org/packages/3c/d7/85f3d79f9e543402de2244c4d117793f262149e404ea0168841613c33e07/black-23.3.0-cp39-cp39-manylinux_2_17_x86_64.manylinux2014_x86_64.whl", hash = "sha256:3a150542a204124ed00683f0db1f5cf1c2aaaa9cc3495b7a3b5976fb136090ab"},
    {url = "https://files.pythonhosted.org/packages/3f/0d/81dd4194ce7057c199d4f28e4c2a885082d9d929e7a55c514b23784f7787/black-23.3.0-cp311-cp311-win_amd64.whl", hash = "sha256:11c410f71b876f961d1de77b9699ad19f939094c3a677323f43d7a29855fe326"},
    {url = "https://files.pythonhosted.org/packages/49/36/15d2122f90ff1cd70f06892ebda777b650218cf84b56b5916a993dc1359a/black-23.3.0-cp37-cp37m-manylinux_2_17_x86_64.manylinux2014_x86_64.whl", hash = "sha256:50cb33cac881766a5cd9913e10ff75b1e8eb71babf4c7104f2e9c52da1fb7de2"},
    {url = "https://files.pythonhosted.org/packages/49/d7/f3b7da6c772800f5375aeb050a3dcf682f0bbeb41d313c9c2820d0156e4e/black-23.3.0-cp39-cp39-macosx_10_16_x86_64.whl", hash = "sha256:92c543f6854c28a3c7f39f4d9b7694f9a6eb9d3c5e2ece488c327b6e7ea9b266"},
    {url = "https://files.pythonhosted.org/packages/69/49/7e1f0cf585b0d607aad3f971f95982cc4208fc77f92363d632d23021ee57/black-23.3.0-cp311-cp311-macosx_10_16_x86_64.whl", hash = "sha256:a6f6886c9869d4daae2d1715ce34a19bbc4b95006d20ed785ca00fa03cba312d"},
    {url = "https://files.pythonhosted.org/packages/6d/b4/0f13ab7f5e364795ff82b76b0f9a4c9c50afda6f1e2feeb8b03fdd7ec57d/black-23.3.0-cp310-cp310-manylinux_2_17_x86_64.manylinux2014_x86_64.whl", hash = "sha256:32daa9783106c28815d05b724238e30718f34155653d4d6e125dc7daec8e260c"},
    {url = "https://files.pythonhosted.org/packages/ad/e7/4642b7f462381799393fbad894ba4b32db00870a797f0616c197b07129a9/black-23.3.0-py3-none-any.whl", hash = "sha256:ec751418022185b0c1bb7d7736e6933d40bbb14c14a0abcf9123d1b159f98dd4"},
    {url = "https://files.pythonhosted.org/packages/c0/53/42e312c17cfda5c8fc4b6b396a508218807a3fcbb963b318e49d3ddd11d5/black-23.3.0-cp311-cp311-manylinux_2_17_x86_64.manylinux2014_x86_64.whl", hash = "sha256:6f3c333ea1dd6771b2d3777482429864f8e258899f6ff05826c3a4fcc5ce3f70"},
    {url = "https://files.pythonhosted.org/packages/ca/44/eb41edd3f558a6139f09eee052dead4a7a464e563b822ddf236f5a8ee286/black-23.3.0-cp37-cp37m-win_amd64.whl", hash = "sha256:e114420bf26b90d4b9daa597351337762b63039752bdf72bf361364c1aa05925"},
    {url = "https://files.pythonhosted.org/packages/ce/f4/2b0c6ac9e1f8584296747f66dd511898b4ebd51d6510dba118279bff53b6/black-23.3.0-cp38-cp38-macosx_10_16_arm64.whl", hash = "sha256:48f9d345675bb7fbc3dd85821b12487e1b9a75242028adad0333ce36ed2a6d27"},
    {url = "https://files.pythonhosted.org/packages/d1/6e/5810b6992ed70403124c67e8b3f62858a32b35405177553f1a78ed6b6e31/black-23.3.0-cp38-cp38-win_amd64.whl", hash = "sha256:e198cf27888ad6f4ff331ca1c48ffc038848ea9f031a3b40ba36aced7e22f2c8"},
    {url = "https://files.pythonhosted.org/packages/d6/36/66370f5017b100225ec4950a60caeef60201a10080da57ddb24124453fba/black-23.3.0.tar.gz", hash = "sha256:1c7b8d606e728a41ea1ccbd7264677e494e87cf630e399262ced92d4a8dac940"},
    {url = "https://files.pythonhosted.org/packages/d7/6f/d3832960a3b646b333b7f0d80d336a3c123012e9d9d5dba4a622b2b6181d/black-23.3.0-cp311-cp311-macosx_10_16_arm64.whl", hash = "sha256:a8a968125d0a6a404842fa1bf0b349a568634f856aa08ffaff40ae0dfa52e7c6"},
    {url = "https://files.pythonhosted.org/packages/db/f4/7908f71cc71da08df1317a3619f002cbf91927fb5d3ffc7723905a2113f7/black-23.3.0-cp310-cp310-macosx_10_16_arm64.whl", hash = "sha256:0945e13506be58bf7db93ee5853243eb368ace1c08a24c65ce108986eac65915"},
    {url = "https://files.pythonhosted.org/packages/de/b4/76f152c5eb0be5471c22cd18380d31d188930377a1a57969073b89d6615d/black-23.3.0-cp310-cp310-win_amd64.whl", hash = "sha256:35d1381d7a22cc5b2be2f72c7dfdae4072a3336060635718cc7e1ede24221d6c"},
    {url = "https://files.pythonhosted.org/packages/eb/a5/17b40bfd9b607b69fa726b0b3a473d14b093dcd5191ea1a1dd664eccfee3/black-23.3.0-cp311-cp311-macosx_10_16_universal2.whl", hash = "sha256:c7ab5790333c448903c4b721b59c0d80b11fe5e9803d8703e84dcb8da56fec1b"},
    {url = "https://files.pythonhosted.org/packages/fd/5b/fc2d7922c1a6bb49458d424b5be71d251f2d0dc97be9534e35d171bdc653/black-23.3.0-cp39-cp39-macosx_10_16_universal2.whl", hash = "sha256:f0bd2f4a58d6666500542b26354978218a9babcdc972722f4bf90779524515f3"},
]
"cattrs 23.1.2" = [
    {url = "https://files.pythonhosted.org/packages/3a/ba/05df14efaa0624fac6b1510e87f5ce446208d2f6ce50270a89b6268aebfe/cattrs-23.1.2-py3-none-any.whl", hash = "sha256:b2bb14311ac17bed0d58785e5a60f022e5431aca3932e3fc5cc8ed8639de50a4"},
    {url = "https://files.pythonhosted.org/packages/68/d4/27f9fd840e74d51b6d6a024d39ff495b56ffde71d28eb82758b7b85d0617/cattrs-23.1.2.tar.gz", hash = "sha256:db1c821b8c537382b2c7c66678c3790091ca0275ac486c76f3c8f3920e83c657"},
]
"click 8.1.7" = [
    {url = "https://files.pythonhosted.org/packages/00/2e/d53fa4befbf2cfa713304affc7ca780ce4fc1fd8710527771b58311a3229/click-8.1.7-py3-none-any.whl", hash = "sha256:ae74fb96c20a0277a1d615f1e4d73c8414f5a98db8b799a7931d1582f3390c28"},
    {url = "https://files.pythonhosted.org/packages/96/d3/f04c7bfcf5c1862a2a5b845c6b2b360488cf47af55dfa79c98f6a6bf98b5/click-8.1.7.tar.gz", hash = "sha256:ca9853ad459e787e2192211578cc907e7594e294c7ccc834310722b41b9ca6de"},
]
"colorama 0.4.6" = [
    {url = "https://files.pythonhosted.org/packages/d1/d6/3965ed04c63042e047cb6a3e6ed1a63a35087b6a609aa3a15ed8ac56c221/colorama-0.4.6-py2.py3-none-any.whl", hash = "sha256:4f1d9991f5acc0ca119f9d443620b77f9d6b33703e51011c16baf57afb285fc6"},
    {url = "https://files.pythonhosted.org/packages/d8/53/6f443c9a4a8358a93a6792e2acffb9d9d5cb0a5cfd8802644b7b1c9a02e4/colorama-0.4.6.tar.gz", hash = "sha256:08695f5cb7ed6e0531a20572697297273c47b8cae5a63ffc6d6ed5c201be6e44"},
]
"exceptiongroup 1.2.0" = [
    {url = "https://files.pythonhosted.org/packages/8e/1c/beef724eaf5b01bb44b6338c8c3494eff7cab376fab4904cfbbc3585dc79/exceptiongroup-1.2.0.tar.gz", hash = "sha256:91f5c769735f051a4290d52edd0858999b57e5876e9f85937691bd4c9fa3ed68"},
    {url = "https://files.pythonhosted.org/packages/b8/9a/5028fd52db10e600f1c4674441b968cf2ea4959085bfb5b99fb1250e5f68/exceptiongroup-1.2.0-py3-none-any.whl", hash = "sha256:4bfd3996ac73b41e9b9628b04e079f193850720ea5945fc96a08633c66912f14"},
]
"importlib-metadata 6.7.0" = [
    {url = "https://files.pythonhosted.org/packages/a3/82/f6e29c8d5c098b6be61460371c2c5591f4a335923639edec43b3830650a4/importlib_metadata-6.7.0.tar.gz", hash = "sha256:1aaf550d4f73e5d6783e7acb77aec43d49da8017410afae93822cc9cca98c4d4"},
    {url = "https://files.pythonhosted.org/packages/ff/94/64287b38c7de4c90683630338cf28f129decbba0a44f0c6db35a873c73c4/importlib_metadata-6.7.0-py3-none-any.whl", hash = "sha256:cb52082e659e97afc5dac71e79de97d8681de3aa07ff18578330904a9d18e5b5"},
]
"isort 5.11.5" = [
    {url = "https://files.pythonhosted.org/packages/5f/f6/c55db45970fbd14de6ab72082f1b8a143c3a69aa031c1e0dd4b9ecc8d496/isort-5.11.5-py3-none-any.whl", hash = "sha256:ba1d72fb2595a01c7895a5128f9585a5cc4b6d395f1c8d514989b9a7eb2a8746"},
    {url = "https://files.pythonhosted.org/packages/67/63/18cc5c2f9084d3f91ce704f2b5c8e17bedd777244e7732c21a31992b0a78/isort-5.11.5.tar.gz", hash = "sha256:6be1f76a507cb2ecf16c7cf14a37e41609ca082330be4e3436a18ef74add55db"},
]
"mypy-extensions 1.0.0" = [
    {url = "https://files.pythonhosted.org/packages/2a/e2/5d3f6ada4297caebe1a2add3b126fe800c96f56dbe5d1988a2cbe0b267aa/mypy_extensions-1.0.0-py3-none-any.whl", hash = "sha256:4392f6c0eb8a5668a69e23d168ffa70f0be9ccfd32b5cc2d26a34ae5b844552d"},
    {url = "https://files.pythonhosted.org/packages/98/a4/1ab47638b92648243faf97a5aeb6ea83059cc3624972ab6b8d2316078d3f/mypy_extensions-1.0.0.tar.gz", hash = "sha256:75dbf8955dc00442a438fc4d0666508a9a97b6bd41aa2f0ffe9d2f2725af0782"},
]
"packaging 23.2" = [
    {url = "https://files.pythonhosted.org/packages/ec/1a/610693ac4ee14fcdf2d9bf3c493370e4f2ef7ae2e19217d7a237ff42367d/packaging-23.2-py3-none-any.whl", hash = "sha256:8c491190033a9af7e1d931d0b5dacc2ef47509b34dd0de67ed209b5203fc88c7"},
    {url = "https://files.pythonhosted.org/packages/fb/2b/9b9c33ffed44ee921d0967086d653047286054117d584f1b1a7c22ceaf7b/packaging-23.2.tar.gz", hash = "sha256:048fb0e9405036518eaaf48a55953c750c11e1a1b68e0dd1a9d62ed0c092cfc5"},
]
"pathspec 0.11.2" = [
    {url = "https://files.pythonhosted.org/packages/a0/2a/bd167cdf116d4f3539caaa4c332752aac0b3a0cc0174cdb302ee68933e81/pathspec-0.11.2.tar.gz", hash = "sha256:e0d8d0ac2f12da61956eb2306b69f9469b42f4deb0f3cb6ed47b9cce9996ced3"},
    {url = "https://files.pythonhosted.org/packages/b4/2a/9b1be29146139ef459188f5e420a66e835dda921208db600b7037093891f/pathspec-0.11.2-py3-none-any.whl", hash = "sha256:1d6ed233af05e679efb96b1851550ea95bbb64b7c490b0f5aa52996c11e92a20"},
]
"platformdirs 4.0.0" = [
    {url = "https://files.pythonhosted.org/packages/31/16/70be3b725073035aa5fc3229321d06e22e73e3e09f6af78dcfdf16c7636c/platformdirs-4.0.0-py3-none-any.whl", hash = "sha256:118c954d7e949b35437270383a3f2531e99dd93cf7ce4dc8340d3356d30f173b"},
    {url = "https://files.pythonhosted.org/packages/31/28/e40d24d2e2eb23135f8533ad33d582359c7825623b1e022f9d460def7c05/platformdirs-4.0.0.tar.gz", hash = "sha256:cb633b2bcf10c51af60beb0ab06d2f1d69064b43abf4c185ca6b28865f3f9731"},
]
"tomli 2.0.1" = [
    {url = "https://files.pythonhosted.org/packages/97/75/10a9ebee3fd790d20926a90a2547f0bf78f371b2f13aa822c759680ca7b9/tomli-2.0.1-py3-none-any.whl", hash = "sha256:939de3e7a6161af0c887ef91b7d41a53e7c5a1ca976325f429cb46ea9bc30ecc"},
    {url = "https://files.pythonhosted.org/packages/c0/3f/d7af728f075fb08564c5949a9c95e44352e23dee646869fa104a3b2060a3/tomli-2.0.1.tar.gz", hash = "sha256:de526c12914f0c550d15924c62d72abc48d6fe7364aa87328337a31007fe8a4f"},
]
"typed-ast 1.5.5" = [
    {url = "https://files.pythonhosted.org/packages/01/95/11be104446bb20212a741d30d40eab52a9cfc05ea34efa074ff4f7c16983/typed_ast-1.5.5-cp37-cp37m-manylinux_2_17_aarch64.manylinux2014_aarch64.whl", hash = "sha256:0635900d16ae133cab3b26c607586131269f88266954eb04ec31535c9a12ef1e"},
    {url = "https://files.pythonhosted.org/packages/03/8d/d0a4d1e060e1e8dda2408131a0cc7633fc4bc99fca5941dcb86c461dfe01/typed_ast-1.5.5-cp311-cp311-musllinux_1_1_x86_64.whl", hash = "sha256:e48bf27022897577d8479eaed64701ecaf0467182448bd95759883300ca818c8"},
    {url = "https://files.pythonhosted.org/packages/07/3d/564308b7a432acb1f5399933cbb1b376a1a64d2544b90f6ba91894674260/typed_ast-1.5.5-cp39-cp39-manylinux_2_17_aarch64.manylinux2014_aarch64.whl", hash = "sha256:1efebbbf4604ad1283e963e8915daa240cb4bf5067053cf2f0baadc4d4fb51b8"},
    {url = "https://files.pythonhosted.org/packages/12/1e/19f53aad3984e351e6730e4265fde4b949a66c451e10828fdbc4dfb050f1/typed_ast-1.5.5-cp38-cp38-win_amd64.whl", hash = "sha256:7f58fabdde8dcbe764cef5e1a7fcb440f2463c1bbbec1cf2a86ca7bc1f95184b"},
    {url = "https://files.pythonhosted.org/packages/15/e0/182bdd9edb6c6a1c068cecaa87f58924a817f2807a0b0d940f578b3328df/typed_ast-1.5.5-cp38-cp38-macosx_11_0_arm64.whl", hash = "sha256:ed4a1a42df8a3dfb6b40c3d2de109e935949f2f66b19703eafade03173f8f437"},
    {url = "https://files.pythonhosted.org/packages/19/e3/88b65e46643006592f39e0fdef3e29454244a9fdaa52acfb047dc68cae6a/typed_ast-1.5.5-cp38-cp38-macosx_10_9_x86_64.whl", hash = "sha256:fd946abf3c31fb50eee07451a6aedbfff912fcd13cf357363f5b4e834cc5e71a"},
    {url = "https://files.pythonhosted.org/packages/1c/09/012da182242f168bb5c42284297dcc08dc0a1b3668db5b3852aec467f56f/typed_ast-1.5.5-cp39-cp39-musllinux_1_1_x86_64.whl", hash = "sha256:429ae404f69dc94b9361bb62291885894b7c6fb4640d561179548c849f8492ba"},
    {url = "https://files.pythonhosted.org/packages/20/7f/1962dd7c1e3c76c566ecd71223eee4ff544da4df0ee284b402fa28910f23/typed_ast-1.5.5-cp36-cp36m-musllinux_1_1_aarch64.whl", hash = "sha256:fc2b8c4e1bc5cd96c1a823a885e6b158f8451cf6f5530e1829390b4d27d0807f"},
    {url = "https://files.pythonhosted.org/packages/30/bd/c815051404c4293265634d9d3e292f04fcf681d0502a9484c38b8f224d04/typed_ast-1.5.5-cp39-cp39-win_amd64.whl", hash = "sha256:335f22ccb244da2b5c296e6f96b06ee9bed46526db0de38d2f0e5a6597b81155"},
    {url = "https://files.pythonhosted.org/packages/31/f3/38839df509b04fb54205e388fc04b47627377e0ad628870112086864a441/typed_ast-1.5.5-cp38-cp38-manylinux_2_17_x86_64.manylinux2014_x86_64.whl", hash = "sha256:381eed9c95484ceef5ced626355fdc0765ab51d8553fec08661dce654a935db4"},
    {url = "https://files.pythonhosted.org/packages/32/f1/75bd58fb1410cb72fbc6e8adf163015720db2c38844b46a9149c5ff6bf38/typed_ast-1.5.5-cp37-cp37m-manylinux_2_17_x86_64.manylinux2014_x86_64.whl", hash = "sha256:57bfc3cf35a0f2fdf0a88a3044aafaec1d2f24d8ae8cd87c4f58d615fb5b6311"},
    {url = "https://files.pythonhosted.org/packages/39/9c/49a583623b39a755ba50eb8ff8f114b843b01aae3ef50850bce015df1439/typed_ast-1.5.5-cp36-cp36m-win_amd64.whl", hash = "sha256:2b946ef8c04f77230489f75b4b5a4a6f24c078be4aed241cfabe9cbf4156e7e5"},
    {url = "https://files.pythonhosted.org/packages/3b/99/5cc31ef4f3c80e1ceb03ed2690c7085571e3fbf119cbd67a111ec0b6622f/typed_ast-1.5.5-cp310-cp310-manylinux_2_17_aarch64.manylinux2014_aarch64.whl", hash = "sha256:597fc66b4162f959ee6a96b978c0435bd63791e31e4f410622d19f1686d5e769"},
    {url = "https://files.pythonhosted.org/packages/43/17/4bdece9795da6f3345c4da5667ac64bc25863617f19c28d81f350f515be6/typed_ast-1.5.5-cp310-cp310-win_amd64.whl", hash = "sha256:e1a976ed4cc2d71bb073e1b2a250892a6e968ff02aa14c1f40eba4f365ffec02"},
    {url = "https://files.pythonhosted.org/packages/45/1e/aa5f1dae4b92bc665ae9a655787bb2fe007a881fa2866b0408ce548bb24c/typed_ast-1.5.5-cp38-cp38-musllinux_1_1_aarch64.whl", hash = "sha256:bfd39a41c0ef6f31684daff53befddae608f9daf6957140228a08e51f312d7e6"},
    {url = "https://files.pythonhosted.org/packages/47/97/0bb4dba688a58ff9c08e63b39653e4bcaa340ce1bb9c1d58163e5c2c66f1/typed_ast-1.5.5-cp37-cp37m-musllinux_1_1_aarch64.whl", hash = "sha256:fe58ef6a764de7b4b36edfc8592641f56e69b7163bba9f9c8089838ee596bfb2"},
    {url = "https://files.pythonhosted.org/packages/59/9b/3550429ac7c031a4f776f6950067d6ccf8d4f0fe8933c1d05c4cf50827b5/typed_ast-1.5.5-cp36-cp36m-manylinux_2_17_x86_64.manylinux2014_x86_64.whl", hash = "sha256:be4919b808efa61101456e87f2d4c75b228f4e52618621c77f1ddcaae15904fa"},
    {url = "https://files.pythonhosted.org/packages/60/ca/765e8bf8b24d0ed7b9fc669f6826c5bc3eb7412fc765691f59b83ae195b2/typed_ast-1.5.5-cp311-cp311-manylinux_2_17_x86_64.manylinux2014_x86_64.whl", hash = "sha256:61443214d9b4c660dcf4b5307f15c12cb30bdfe9588ce6158f4a005baeb167b2"},
    {url = "https://files.pythonhosted.org/packages/69/73/45dc2dcf4902c5afb7c0173f7638bcc9f1218dab32734b077dfdc7489d74/typed_ast-1.5.5-cp36-cp36m-manylinux_2_17_aarch64.manylinux2014_aarch64.whl", hash = "sha256:118c1ce46ce58fda78503eae14b7664163aa735b620b64b5b725453696f2a35c"},
    {url = "https://files.pythonhosted.org/packages/71/30/09d27e13824495547bcc665bd07afc593b22b9484f143b27565eae4ccaac/typed_ast-1.5.5-cp39-cp39-macosx_11_0_arm64.whl", hash = "sha256:622e4a006472b05cf6ef7f9f2636edc51bda670b7bbffa18d26b255269d3d814"},
    {url = "https://files.pythonhosted.org/packages/75/53/b685e10da535c7b3572735f8bea0d4abb35a04722a7d44ca9c163a0cf822/typed_ast-1.5.5-cp311-cp311-macosx_10_9_x86_64.whl", hash = "sha256:c631da9710271cb67b08bd3f3813b7af7f4c69c319b75475436fcab8c3d21bee"},
    {url = "https://files.pythonhosted.org/packages/88/07/5defe18d4fc16281cd18c4374270abc430c3d852d8ac29b5db6599d45cfe/typed_ast-1.5.5-cp310-cp310-macosx_10_9_x86_64.whl", hash = "sha256:4bc1efe0ce3ffb74784e06460f01a223ac1f6ab31c6bc0376a21184bf5aabe3b"},
    {url = "https://files.pythonhosted.org/packages/8d/09/bba083f2c11746288eaf1859e512130420405033de84189375fe65d839ba/typed_ast-1.5.5-cp38-cp38-manylinux_2_17_aarch64.manylinux2014_aarch64.whl", hash = "sha256:045f9930a1550d9352464e5149710d56a2aed23a2ffe78946478f7b5416f1ede"},
    {url = "https://files.pythonhosted.org/packages/90/83/f28d2c912cd010a09b3677ac69d23181045eb17e358914ab739b7fdee530/typed_ast-1.5.5-cp311-cp311-win_amd64.whl", hash = "sha256:83509f9324011c9a39faaef0922c6f720f9623afe3fe220b6d0b15638247206b"},
    {url = "https://files.pythonhosted.org/packages/90/f0/0956d925f87bd81f6e0f8cf119eac5e5c8f4da50ca25bb9f5904148d4611/typed_ast-1.5.5-cp310-cp310-musllinux_1_1_x86_64.whl", hash = "sha256:d5c0c112a74c0e5db2c75882a0adf3133adedcdbfd8cf7c9d6ed77365ab90a1d"},
    {url = "https://files.pythonhosted.org/packages/94/88/71a1c249c01fbbd66f9f28648f8249e737a7fe19056c1a78e7b3b9250eb1/typed_ast-1.5.5-cp38-cp38-musllinux_1_1_x86_64.whl", hash = "sha256:8c524eb3024edcc04e288db9541fe1f438f82d281e591c548903d5b77ad1ddd4"},
    {url = "https://files.pythonhosted.org/packages/96/fd/fc8ccf19fc16a40a23e7c7802d0abc78c1f38f1abb6e2447c474f8a076d8/typed_ast-1.5.5-cp311-cp311-macosx_11_0_arm64.whl", hash = "sha256:b445c2abfecab89a932b20bd8261488d574591173d07827c1eda32c457358b18"},
    {url = "https://files.pythonhosted.org/packages/a0/5c/e379b00028680bfcd267d845cf46b60e76d8ac6f7009fd440d6ce030cc92/typed_ast-1.5.5-cp310-cp310-macosx_11_0_arm64.whl", hash = "sha256:5f7a8c46a8b333f71abd61d7ab9255440d4a588f34a21f126bbfc95f6049e686"},
    {url = "https://files.pythonhosted.org/packages/a1/25/b3ccb948166d309ab75296ac9863ebe2ff209fbc063f1122a2d3979e47c3/typed_ast-1.5.5-cp39-cp39-musllinux_1_1_aarch64.whl", hash = "sha256:48074261a842acf825af1968cd912f6f21357316080ebaca5f19abbb11690c8a"},
    {url = "https://files.pythonhosted.org/packages/a8/cd/9a867f5a96d83a9742c43914e10d3a2083d8fe894ab9bf60fd467c6c497f/typed_ast-1.5.5-cp37-cp37m-musllinux_1_1_x86_64.whl", hash = "sha256:d09d930c2d1d621f717bb217bf1fe2584616febb5138d9b3e8cdd26506c3f6d4"},
    {url = "https://files.pythonhosted.org/packages/b1/88/6e7f36f5fab6fbf0586a2dd866ac337924b7d4796a4d1b2b04443a864faf/typed_ast-1.5.5-cp39-cp39-macosx_10_9_x86_64.whl", hash = "sha256:042eb665ff6bf020dd2243307d11ed626306b82812aba21836096d229fdc6a10"},
    {url = "https://files.pythonhosted.org/packages/bf/9a/598e47f2c3ecd19d7f1bb66854d0d3ba23ffd93c846448790a92524b0a8d/typed_ast-1.5.5-cp311-cp311-manylinux_2_17_aarch64.manylinux2014_aarch64.whl", hash = "sha256:cc95ffaaab2be3b25eb938779e43f513e0e538a84dd14a5d844b8f2932593d88"},
    {url = "https://files.pythonhosted.org/packages/c1/16/90c9b889c7fec0a572b93928c33bbda4ade4136a9f3378e1474bf959b6d5/typed_ast-1.5.5-cp36-cp36m-musllinux_1_1_x86_64.whl", hash = "sha256:16f7313e0a08c7de57f2998c85e2a69a642e97cb32f87eb65fbfe88381a5e44d"},
    {url = "https://files.pythonhosted.org/packages/ca/59/dbbbe5a0e91c15d14a0896b539a5ed01326b0d468e75c1a33274d128d2d1/typed_ast-1.5.5-cp310-cp310-musllinux_1_1_aarch64.whl", hash = "sha256:5fe83a9a44c4ce67c796a1b466c270c1272e176603d5e06f6afbc101a572859d"},
    {url = "https://files.pythonhosted.org/packages/cd/0e/0b46ff64402abbd2ff14f573168cd73842ebe1dec531435226356267837d/typed_ast-1.5.5-cp36-cp36m-macosx_10_9_x86_64.whl", hash = "sha256:44f214394fc1af23ca6d4e9e744804d890045d1643dd7e8229951e0ef39429b5"},
    {url = "https://files.pythonhosted.org/packages/d5/00/635353c31b71ed307ab020eff6baed9987da59a1b2ba489f885ecbe293b8/typed_ast-1.5.5-cp37-cp37m-macosx_10_9_x86_64.whl", hash = "sha256:2188bc33d85951ea4ddad55d2b35598b2709d122c11c75cffd529fbc9965508e"},
    {url = "https://files.pythonhosted.org/packages/d9/3c/4af750e6c673a0dd6c7b9f5b5e5ed58ec51a2e4e744081781c664d369dfa/typed_ast-1.5.5-cp311-cp311-musllinux_1_1_aarch64.whl", hash = "sha256:6eb936d107e4d474940469e8ec5b380c9b329b5f08b78282d46baeebd3692dc9"},
    {url = "https://files.pythonhosted.org/packages/e2/ed/b9b8b794b37b55c9247b1e8d38b0361e8158795c181636d34d6c11b506e7/typed_ast-1.5.5-cp310-cp310-manylinux_2_17_x86_64.manylinux2014_x86_64.whl", hash = "sha256:d41b7a686ce653e06c2609075d397ebd5b969d821b9797d029fccd71fdec8e04"},
    {url = "https://files.pythonhosted.org/packages/ea/f4/262512d14f777ea3666a089e2675a9b1500a85b8329a36de85d63433fb0e/typed_ast-1.5.5-cp39-cp39-manylinux_2_17_x86_64.manylinux2014_x86_64.whl", hash = "sha256:f0aefdd66f1784c58f65b502b6cf8b121544680456d1cebbd300c2c813899274"},
    {url = "https://files.pythonhosted.org/packages/eb/06/73ca55ee5303b41d08920de775f02d2a3e1e59430371f5adf7fbb1a21127/typed_ast-1.5.5-cp37-cp37m-win_amd64.whl", hash = "sha256:d40c10326893ecab8a80a53039164a224984339b2c32a6baf55ecbd5b1df6431"},
    {url = "https://files.pythonhosted.org/packages/f9/7e/a424029f350aa8078b75fd0d360a787a273ca753a678d1104c5fa4f3072a/typed_ast-1.5.5.tar.gz", hash = "sha256:94282f7a354f36ef5dbce0ef3467ebf6a258e370ab33d5b40c249fa996e590dd"},
]
"typing-extensions 4.7.1" = [
    {url = "https://files.pythonhosted.org/packages/3c/8b/0111dd7d6c1478bf83baa1cab85c686426c7a6274119aceb2bd9d35395ad/typing_extensions-4.7.1.tar.gz", hash = "sha256:b75ddc264f0ba5615db7ba217daeb99701ad295353c45f9e95963337ceeeffb2"},
    {url = "https://files.pythonhosted.org/packages/ec/6b/63cc3df74987c36fe26157ee12e09e8f9db4de771e0f3404263117e75b95/typing_extensions-4.7.1-py3-none-any.whl", hash = "sha256:440d5dd3af93b060174bf433bccd69b0babc3b15b1a8dca43789fd7f61514b36"},
]
"zipp 3.15.0" = [
    {url = "https://files.pythonhosted.org/packages/00/27/f0ac6b846684cecce1ee93d32450c45ab607f65c2e0255f0092032d91f07/zipp-3.15.0.tar.gz", hash = "sha256:112929ad649da941c23de50f356a2b5570c954b65150642bccdd66bf194d224b"},
    {url = "https://files.pythonhosted.org/packages/5b/fa/c9e82bbe1af6266adf08afb563905eb87cab83fde00a0a08963510621047/zipp-3.15.0-py3-none-any.whl", hash = "sha256:48904fc76a60e542af151aded95726c1a5c34ed43ab4134b597665c86d7ad556"},
]
